{
  "meteor": {},
  "dependencies": {
    "basePackages": {
      "bootstrap-3": {},
      "iron-router": {},
      "jquery-ui": {},
      "jquery-ui-bootstrap": {},
      "moment": {},
      "bootstrap3-datetimepicker": {},
      "bootstrap-3-timepicker": {},
      "underscore-string-latest": {},
      "event-hooks": {},
      "jqTree": {},
      "Handsontable": {},
      "external-file-loader": {},
      "sp-epic-editor": {}
    },
    "packages": {
      "bootstrap-3": {
        "git": "https://github.com/mangasocial/meteor-bootstrap-3.git",
        "tag": "v3.1.1-1",
        "commit": "63dd38968828bb8963636df93e9a1c45e2dfe67e"
      },
      "iron-router": {
        "git": "https://github.com/EventedMind/iron-router.git",
        "tag": "v0.7.1",
        "commit": "d1ffb3f06ea4c112132b030f2eb1a70b81675ecb"
      },
      "jquery-ui": {
        "git": "https://github.com/TimHeckel/meteor-jquery-ui.git",
        "tag": "v1.9.2",
        "commit": "c437d45edcf1367df8d5ffa8bad2867758030bd2"
      },
      "jquery-ui-bootstrap": {
        "git": "https://github.com/TimHeckel/meteor-jquery-ui-bootstrap.git",
        "tag": "v0.1.2",
        "commit": "fa742a85639307003e105898e15b631394b63509"
      },
      "moment": {
        "git": "https://github.com/acreeger/meteor-moment.git",
        "tag": "v2.6.0",
        "commit": "26156df681750fd6e6ed77043eef32b6653ebbdf"
      },
      "bootstrap3-datetimepicker": {
        "git": "https://github.com/tsega/meteor-bootstrap3-datetimepicker.git",
        "tag": "v0.0.5",
        "commit": "30b5fa0759f98b75761772ad891876408f7cc8c4"
      },
      "bootstrap-3-timepicker": {
        "git": "https://github.com/ianserlin/meteor-bootstrap-timepicker.git",
        "tag": "v0.2.5",
        "commit": "12dd7c5dd0e67f0f307e7c5aefed74777be808f1"
      },
      "underscore-string-latest": {
        "git": "https://github.com/TimHeckel/meteor-underscore-string.git",
        "tag": "v2.3.3",
        "commit": "4a5d70eee48fbd90a6e6fc78747250d704a0b3bb"
      },
      "event-hooks": {
        "git": "https://github.com/BenjaminRH/meteor-event-hooks.git",
        "tag": "v1.4.3",
        "commit": "ba4f3d7887748458618d29615492906f0c88d31c"
      },
      "jqTree": {
        "git": "https://github.com/terryschen/meteor-jqTree.git",
        "tag": "v0.19.0",
        "commit": "ac0ee4e40c8127a411b38b7810869c77e2b54c22"
      },
      "Handsontable": {
        "git": "https://github.com/olragon/meteor-handsontable.git",
        "tag": "v0.9.9",
        "commit": "4b86606255d20bb69ae033800406bee6d8ed83a8"
      },
      "external-file-loader": {
        "git": "https://github.com/davidd8/meteor-external-file-loader.git",
        "tag": "v0.1.4",
        "commit": "352694a7cf906b8241161c2fd1435161c1d5409f"
      },
      "sp-epic-editor": {
        "git": "https://bitbucket.org/parhelium/sp-epic-editor",
        "tag": "v0.0.3",
        "commit": "1de330c49a955411d40647bdfdf6a3625c7447e6"
      },
      "blaze-layout": {
        "git": "https://github.com/EventedMind/blaze-layout.git",
        "tag": "v0.2.4",
        "commit": "b40e9b0612329288d75cf52ad14a7da64bb8618f"
      }
    }
  }
}
